
Microsoft Visual Studio Solution File, Format Version 11.00
# Visual Studio 2010
Project("{FAE04EC0-301F-11D3-BF4B-00C04F79EFBC}") = "crosscopy-ios-client", "crosscopy-ios-client\crosscopy-ios-client.csproj", "{7579F03A-83E6-49C3-BAB3-559515796B21}"
EndProject
Global
	GlobalSection(SolutionConfigurationPlatforms) = preSolution
		Debug|iPhoneSimulator = Debug|iPhoneSimulator
		Release|iPhoneSimulator = Release|iPhoneSimulator
		Debug|iPhone = Debug|iPhone
		Release|iPhone = Release|iPhone
	EndGlobalSection
	GlobalSection(ProjectConfigurationPlatforms) = postSolution
		{7579F03A-83E6-49C3-BAB3-559515796B21}.Debug|iPhone.ActiveCfg = Debug|iPhone
		{7579F03A-83E6-49C3-BAB3-559515796B21}.Debug|iPhone.Build.0 = Debug|iPhone
		{7579F03A-83E6-49C3-BAB3-559515796B21}.Debug|iPhoneSimulator.ActiveCfg = Debug|iPhoneSimulator
		{7579F03A-83E6-49C3-BAB3-559515796B21}.Debug|iPhoneSimulator.Build.0 = Debug|iPhoneSimulator
		{7579F03A-83E6-49C3-BAB3-559515796B21}.Release|iPhone.ActiveCfg = Release|iPhone
		{7579F03A-83E6-49C3-BAB3-559515796B21}.Release|iPhone.Build.0 = Release|iPhone
		{7579F03A-83E6-49C3-BAB3-559515796B21}.Release|iPhoneSimulator.ActiveCfg = Release|iPhoneSimulator
		{7579F03A-83E6-49C3-BAB3-559515796B21}.Release|iPhoneSimulator.Build.0 = Release|iPhoneSimulator
	EndGlobalSection
	GlobalSection(MonoDevelopProperties) = preSolution
		StartupItem = crosscopy-ios-client\crosscopy-ios-client.csproj
		Policies = $0
		$0.DotNetNamingPolicy = $1
		$1.DirectoryNamespaceAssociation = None
		$1.ResourceNamePolicy = FileFormatDefault
		$0.TextStylePolicy = $2
		$2.inheritsSet = null
		$2.scope = text/x-csharp
		$0.CSharpFormattingPolicy = $3
		$3.inheritsSet = Mono
		$3.inheritsScope = text/x-csharp
		$3.scope = text/x-csharp
		$0.TextStylePolicy = $4
		$4.FileWidth = 120
		$4.NoTabsAfterNonTabs = True
		$4.inheritsSet = VisualStudio
		$4.inheritsScope = text/plain
		$4.scope = text/plain
	EndGlobalSection
EndGlobal
