
Microsoft Visual Studio Solution File, Format Version 11.00
# Visual Studio 2010
Project("{FAE04EC0-301F-11D3-BF4B-00C04F79EFBC}") = "CrossCopyLib", "CrossCopyLib.csproj", "{E8F26334-B9A8-424F-BED6-D1003A052261}"
EndProject
Global
	GlobalSection(SolutionConfigurationPlatforms) = preSolution
		Debug|Any CPU = Debug|Any CPU
		Release|Any CPU = Release|Any CPU
	EndGlobalSection
	GlobalSection(ProjectConfigurationPlatforms) = postSolution
		{E8F26334-B9A8-424F-BED6-D1003A052261}.Debug|Any CPU.ActiveCfg = Debug|Any CPU
		{E8F26334-B9A8-424F-BED6-D1003A052261}.Debug|Any CPU.Build.0 = Debug|Any CPU
		{E8F26334-B9A8-424F-BED6-D1003A052261}.Release|Any CPU.ActiveCfg = Release|Any CPU
		{E8F26334-B9A8-424F-BED6-D1003A052261}.Release|Any CPU.Build.0 = Release|Any CPU
	EndGlobalSection
	GlobalSection(MonoDevelopProperties) = preSolution
		StartupItem = CrossCopyLib.csproj
	EndGlobalSection
EndGlobal
